{
  "version": 4,
  "terraform_version": "1.9.8",
  "serial": 3,
  "lineage": "06b12414-ea8b-c8a1-5d87-2bc0934ac62b",
  "outputs": {},
  "resources": [
    {
      "mode": "managed",
      "type": "ciphertrust_cm_key",
      "name": "repro",
      "provider": "provider[\"thalesgroup.com/oss/ciphertrust\"]",
      "instances": [
        {
          "schema_version": 0,
          "attributes": {
            "activation_date": null,
            "algorithm": "AES",
            "aliases": null,
            "all_versions": null,
            "archive_date": null,
            "assign_self_as_owner": null,
            "cert_type": null,
            "compromise_date": null,
            "compromise_occurrence_date": null,
            "curveid": null,
            "deactivation_date": null,
            "default_iv": null,
            "description": null,
            "destroy_date": null,
            "empty_material": null,
            "encoding": null,
            "format": null,
            "generate_key_id": null,
            "hkdf_create_parameters": null,
            "id": "f11dd172f3ee4632ad55bb4834bcb95a4a73384647474fa3993bbab4862c7849",
            "id_size": null,
            "key_id": null,
            "key_size": 256,
            "labels": null,
            "mac_sign_bytes": null,
            "mac_sign_key_identifier": null,
            "mac_sign_key_identifier_type": null,
            "material": null,
            "meta": null,
            "muid": null,
            "name": "tfrepro-tfin-286-549d02-1",
            "object_type": null,
            "padded": null,
            "password": null,
            "process_start_date": null,
            "protect_stop_date": null,
            "public_key_parameters": null,
            "remove_from_state_on_destroy": null,
            "revocation_message": "test-repro-message-TFIN-286",
            "revocation_reason": "KeyCompromise",
            "rotation_frequency_days": null,
            "secret_data_encoding": null,
            "secret_data_link": null,
            "signing_algo": null,
            "state": null,
            "template_id": null,
            "undeletable": null,
            "unexportable": null,
            "usage_mask": null,
            "uuid": null,
            "wrap_hkdf": null,
            "wrap_key_id_type": null,
            "wrap_key_name": null,
            "wrap_pbe": null,
            "wrap_public_key": null,
            "wrap_public_key_padding": null,
            "wrap_rsaaes": null,
            "wrapping_encryption_algo": null,
            "wrapping_hash_algo": null,
            "wrapping_method": null,
            "xts": null
          },
          "sensitive_attributes": []
        }
      ]
    }
  ],
  "check_results": null
}
